{
  "requires": true,
  "lockfileVersion": 1,
  "dependencies": {
    "pos": {
      "version": "0.4.2",
      "resolved": "https://registry.npmjs.org/pos/-/pos-0.4.2.tgz",
      "integrity": "sha1-IOnHf77tzDVoI86mPHWFys6Tvio="
    },
    "rapydscript": {
      "version": "0.5.58",
      "resolved": "https://registry.npmjs.org/rapydscript/-/rapydscript-0.5.58.tgz",
      "integrity": "sha1-mVSZn67slVxh4MrBIHuPUYrrHPo="
    }
  }
}
